// !$*UTF8*$!
{
	archiveVersion = 1;
	classes = {
	};
	objectVersion = 46;
	objects = {

/* Begin PBXBuildFile section */
		1814F6B1BE150B31BBE4E865 /* BluetoothManager.swift in Sources */ = {isa = PBXBuildFile; fileRef = 8DE028E0B8535B8576A2E8AD /* BluetoothManager.swift */; };
		32CA428DCDCBE7E0A9BD44FE /* Assets.xcassets in Resources */ = {isa = PBXBuildFile; fileRef = 63273303C2AED9E6CDEAC6C1 /* Assets.xcassets */; };
		49C17B2A1F75F507F20430F0 /* Cocoa.framework in Frameworks */ = {isa = PBXBuildFile; fileRef = 21F03193DE02505770A9956F /* Cocoa.framework */; };
		4ADA5F69C18B05A2A9D9FE5E /* ContentView.swift in Sources */ = {isa = PBXBuildFile; fileRef = 5A441E040FDE6597A948CF4D /* ContentView.swift */; };
		5031B5105595A2326CF7C8F4 /* GmailWebView.swift in Sources */ = {isa = PBXBuildFile; fileRef = 25F7F74C74F2F77DFDF5F813 /* GmailWebView.swift */; };
		5F2B2EF8111EC1CCCDFA0F2D /* CoreBluetooth.framework in Frameworks */ = {isa = PBXBuildFile; fileRef = 0A59D291823AACBE16BF87F9 /* CoreBluetooth.framework */; };
		AB7A973906E471AD5B2CD886 /* AppState.swift in Sources */ = {isa = PBXBuildFile; fileRef = E95F0E6E957ED990315FD96F /* AppState.swift */; };
		C7D544A40B77EAFF1A406064 /* NotificationManager.swift in Sources */ = {isa = PBXBuildFile; fileRef = E926F504EE9639BFA597B81C /* NotificationManager.swift */; };
		DA4C7FB536D1A2682F732697 /* WebKit.framework in Frameworks */ = {isa = PBXBuildFile; fileRef = 88156ED0C3C1ABC1F464D3DC /* WebKit.framework */; };
		F0A4748A461C7CD05459DF5A /* GmailDesktopApp.swift in Sources */ = {isa = PBXBuildFile; fileRef = F9A9D1511BECB24B7A212331 /* GmailDesktopApp.swift */; };
/* End PBXBuildFile section */

/* Begin PBXFileReference section */
		0A59D291823AACBE16BF87F9 /* CoreBluetooth.framework */ = {isa = PBXFileReference; lastKnownFileType = wrapper.framework; name = CoreBluetooth.framework; path = System/Library/Frameworks/CoreBluetooth.framework; sourceTree = SDKROOT; };
		21F03193DE02505770A9956F /* Cocoa.framework */ = {isa = PBXFileReference; lastKnownFileType = wrapper.framework; name = Cocoa.framework; path = Platforms/MacOSX.platform/Developer/SDKs/MacOSX15.0.sdk/System/Library/Frameworks/Cocoa.framework; sourceTree = DEVELOPER_DIR; };
		25F7F74C74F2F77DFDF5F813 /* GmailWebView.swift */ = {isa = PBXFileReference; includeInIndex = 1; lastKnownFileType = sourcecode.swift; path = GmailWebView.swift; sourceTree = "<group>"; };
		5872475C2B3A856679510874 /* GmailDesktop.app */ = {isa = PBXFileReference; explicitFileType = wrapper.application; includeInIndex = 0; path = GmailDesktop.app; sourceTree = BUILT_PRODUCTS_DIR; };
		5A441E040FDE6597A948CF4D /* ContentView.swift */ = {isa = PBXFileReference; includeInIndex = 1; lastKnownFileType = sourcecode.swift; path = ContentView.swift; sourceTree = "<group>"; };
		63273303C2AED9E6CDEAC6C1 /* Assets.xcassets */ = {isa = PBXFileReference; includeInIndex = 1; lastKnownFileType = folder.assetcatalog; path = Assets.xcassets; sourceTree = "<group>"; };
		88156ED0C3C1ABC1F464D3DC /* WebKit.framework */ = {isa = PBXFileReference; lastKnownFileType = wrapper.framework; name = WebKit.framework; path = System/Library/Frameworks/WebKit.framework; sourceTree = SDKROOT; };
		8DE028E0B8535B8576A2E8AD /* BluetoothManager.swift */ = {isa = PBXFileReference; includeInIndex = 1; lastKnownFileType = sourcecode.swift; path = BluetoothManager.swift; sourceTree = "<group>"; };
		E926F504EE9639BFA597B81C /* NotificationManager.swift */ = {isa = PBXFileReference; includeInIndex = 1; lastKnownFileType = sourcecode.swift; path = NotificationManager.swift; sourceTree = "<group>"; };
		E95F0E6E957ED990315FD96F /* AppState.swift */ = {isa = PBXFileReference; includeInIndex = 1; lastKnownFileType = sourcecode.swift; path = AppState.swift; sourceTree = "<group>"; };
		F9A9D1511BECB24B7A212331 /* GmailDesktopApp.swift */ = {isa = PBXFileReference; includeInIndex = 1; lastKnownFileType = sourcecode.swift; path = GmailDesktopApp.swift; sourceTree = "<group>"; };
/* End PBXFileReference section */

/* Begin PBXFrameworksBuildPhase section */
		610352C8584ACCEE2FD8293F /* Frameworks */ = {
			isa = PBXFrameworksBuildPhase;
			buildActionMask = 2147483647;
			files = (
				49C17B2A1F75F507F20430F0 /* Cocoa.framework in Frameworks */,
				DA4C7FB536D1A2682F732697 /* WebKit.framework in Frameworks */,
				5F2B2EF8111EC1CCCDFA0F2D /* CoreBluetooth.framework in Frameworks */,
			);
			runOnlyForDeploymentPostprocessing = 0;
		};
/* End PBXFrameworksBuildPhase section */

/* Begin PBXGroup section */
		196B226E9130B5E8608AD738 /* Frameworks */ = {
			isa = PBXGroup;
			children = (
				63463A02E743F4CC83C04B1B /* OS X */,
				88156ED0C3C1ABC1F464D3DC /* WebKit.framework */,
				0A59D291823AACBE16BF87F9 /* CoreBluetooth.framework */,
			);
			name = Frameworks;
			sourceTree = "<group>";
		};
		63463A02E743F4CC83C04B1B /* OS X */ = {
			isa = PBXGroup;
			children = (
				21F03193DE02505770A9956F /* Cocoa.framework */,
			);
			name = "OS X";
			sourceTree = "<group>";
		};
		7ADEDDAA86A81F2298874C67 = {
			isa = PBXGroup;
			children = (
				7E9AF2754019C75C1C3A5402 /* Products */,
				196B226E9130B5E8608AD738 /* Frameworks */,
				F9A9D1511BECB24B7A212331 /* GmailDesktopApp.swift */,
				5A441E040FDE6597A948CF4D /* ContentView.swift */,
				25F7F74C74F2F77DFDF5F813 /* GmailWebView.swift */,
				E926F504EE9639BFA597B81C /* NotificationManager.swift */,
				8DE028E0B8535B8576A2E8AD /* BluetoothManager.swift */,
				E95F0E6E957ED990315FD96F /* AppState.swift */,
				63273303C2AED9E6CDEAC6C1 /* Assets.xcassets */,
			);
			sourceTree = "<group>";
		};
		7E9AF2754019C75C1C3A5402 /* Products */ = {
			isa = PBXGroup;
			children = (
				5872475C2B3A856679510874 /* GmailDesktop.app */,
			);
			name = Products;
			sourceTree = "<group>";
		};
/* End PBXGroup section */

/* Begin PBXNativeTarget section */
		0AEFE88CC26CEA6486109655 /* GmailDesktop */ = {
			isa = PBXNativeTarget;
			buildConfigurationList = C0BDD7E6408CE750647092CB /* Build configuration list for PBXNativeTarget "GmailDesktop" */;
			buildPhases = (
				3259732FCC29195885F1FF40 /* Sources */,
				610352C8584ACCEE2FD8293F /* Frameworks */,
				E1EAEBDBC119471D87423F69 /* Resources */,
			);
			buildRules = (
			);
			dependencies = (
			);
			name = GmailDesktop;
			productName = GmailDesktop;
			productReference = 5872475C2B3A856679510874 /* GmailDesktop.app */;
			productType = "com.apple.product-type.application";
		};
/* End PBXNativeTarget section */

/* Begin PBXProject section */
		E64864E08A02B2634D53197C /* Project object */ = {
			isa = PBXProject;
			attributes = {
				LastSwiftUpdateCheck = 1600;
				LastUpgradeCheck = 1600;
			};
			buildConfigurationList = 04C19B8883915C7F48D72493 /* Build configuration list for PBXProject "GmailDesktop" */;
			compatibilityVersion = "Xcode 3.2";
			developmentRegion = en;
			hasScannedForEncodings = 0;
			knownRegions = (
				en,
				Base,
			);
			mainGroup = 7ADEDDAA86A81F2298874C67;
			minimizedProjectReferenceProxies = 0;
			preferredProjectObjectVersion = 77;
			productRefGroup = 7E9AF2754019C75C1C3A5402 /* Products */;
			projectDirPath = "";
			projectRoot = "";
			targets = (
				0AEFE88CC26CEA6486109655 /* GmailDesktop */,
			);
		};
/* End PBXProject section */

/* Begin PBXResourcesBuildPhase section */
		E1EAEBDBC119471D87423F69 /* Resources */ = {
			isa = PBXResourcesBuildPhase;
			buildActionMask = 2147483647;
			files = (
				32CA428DCDCBE7E0A9BD44FE /* Assets.xcassets in Resources */,
			);
			runOnlyForDeploymentPostprocessing = 0;
		};
/* End PBXResourcesBuildPhase section */

/* Begin PBXSourcesBuildPhase section */
		3259732FCC29195885F1FF40 /* Sources */ = {
			isa = PBXSourcesBuildPhase;
			buildActionMask = 2147483647;
			files = (
				F0A4748A461C7CD05459DF5A /* GmailDesktopApp.swift in Sources */,
				4ADA5F69C18B05A2A9D9FE5E /* ContentView.swift in Sources */,
				5031B5105595A2326CF7C8F4 /* GmailWebView.swift in Sources */,
				C7D544A40B77EAFF1A406064 /* NotificationManager.swift in Sources */,
				1814F6B1BE150B31BBE4E865 /* BluetoothManager.swift in Sources */,
				AB7A973906E471AD5B2CD886 /* AppState.swift in Sources */,
			);
			runOnlyForDeploymentPostprocessing = 0;
		};
/* End PBXSourcesBuildPhase section */

/* Begin XCBuildConfiguration section */
		1481BE10D2B73640B83B1C89 /* Release */ = {
			isa = XCBuildConfiguration;
			buildSettings = {
				ASSETCATALOG_COMPILER_APPICON_NAME = AppIcon;
				ASSETCATALOG_COMPILER_GLOBAL_ACCENT_COLOR_NAME = AccentColor;
				CODE_SIGN_STYLE = Automatic;
				COMBINE_HIDPI_IMAGES = YES;
				DEVELOPMENT_TEAM = "";
				INFOPLIST_FILE = Info.plist;
				LD_RUNPATH_SEARCH_PATHS = "$(inherited) @executable_path/../Frameworks";
				MACOSX_DEPLOYMENT_TARGET = 13.0;
				PRODUCT_BUNDLE_IDENTIFIER = com.alex.GmailDesktop;
				SDKROOT = macosx;
				SWIFT_VERSION = 5.0;
			};
			name = Release;
		};
		25B5B4AED3CB008829B31ED6 /* Release */ = {
			isa = XCBuildConfiguration;
			buildSettings = {
				ALWAYS_SEARCH_USER_PATHS = NO;
				CLANG_ANALYZER_NONNULL = YES;
				CLANG_ANALYZER_NUMBER_OBJECT_CONVERSION = YES_AGGRESSIVE;
				CLANG_CXX_LANGUAGE_STANDARD = "gnu++14";
				CLANG_CXX_LIBRARY = "libc++";
				CLANG_ENABLE_MODULES = YES;
				CLANG_ENABLE_OBJC_ARC = YES;
				CLANG_ENABLE_OBJC_WEAK = YES;
				CLANG_WARN_BLOCK_CAPTURE_AUTORELEASING = YES;
				CLANG_WARN_BOOL_CONVERSION = YES;
				CLANG_WARN_COMMA = YES;
				CLANG_WARN_CONSTANT_CONVERSION = YES;
				CLANG_WARN_DEPRECATED_OBJC_IMPLEMENTATIONS = YES;
				CLANG_WARN_DIRECT_OBJC_ISA_USAGE = YES_ERROR;
				CLANG_WARN_DOCUMENTATION_COMMENTS = YES;
				CLANG_WARN_EMPTY_BODY = YES;
				CLANG_WARN_ENUM_CONVERSION = YES;
				CLANG_WARN_INFINITE_RECURSION = YES;
				CLANG_WARN_INT_CONVERSION = YES;
				CLANG_WARN_NON_LITERAL_NULL_CONVERSION = YES;
				CLANG_WARN_OBJC_IMPLICIT_RETAIN_SELF = YES;
				CLANG_WARN_OBJC_LITERAL_CONVERSION = YES;
				CLANG_WARN_OBJC_ROOT_CLASS = YES_ERROR;
				CLANG_WARN_QUOTED_INCLUDE_IN_FRAMEWORK_HEADER = YES;
				CLANG_WARN_RANGE_LOOP_ANALYSIS = YES;
				CLANG_WARN_STRICT_PROTOTYPES = YES;
				CLANG_WARN_SUSPICIOUS_MOVE = YES;
				CLANG_WARN_UNGUARDED_AVAILABILITY = YES_AGGRESSIVE;
				CLANG_WARN_UNREACHABLE_CODE = YES;
				CLANG_WARN__DUPLICATE_METHOD_MATCH = YES;
				COPY_PHASE_STRIP = NO;
				DEBUG_INFORMATION_FORMAT = "dwarf-with-dsym";
				ENABLE_NS_ASSERTIONS = NO;
				ENABLE_STRICT_OBJC_MSGSEND = YES;
				GCC_C_LANGUAGE_STANDARD = gnu11;
				GCC_NO_COMMON_BLOCKS = YES;
				GCC_WARN_64_TO_32_BIT_CONVERSION = YES;
				GCC_WARN_ABOUT_RETURN_TYPE = YES_ERROR;
				GCC_WARN_UNDECLARED_SELECTOR = YES;
				GCC_WARN_UNINITIALIZED_AUTOS = YES_AGGRESSIVE;
				GCC_WARN_UNUSED_FUNCTION = YES;
				GCC_WARN_UNUSED_VARIABLE = YES;
				MTL_ENABLE_DEBUG_INFO = NO;
				MTL_FAST_MATH = YES;
				PRODUCT_NAME = "$(TARGET_NAME)";
				SWIFT_COMPILATION_MODE = wholemodule;
				SWIFT_OPTIMIZATION_LEVEL = "-O";
				SWIFT_VERSION = 5.0;
			};
			name = Release;
		};
		50F9576A7FF33DF6776F1554 /* Debug */ = {
			isa = XCBuildConfiguration;
			buildSettings = {
				ASSETCATALOG_COMPILER_APPICON_NAME = AppIcon;
				ASSETCATALOG_COMPILER_GLOBAL_ACCENT_COLOR_NAME = AccentColor;
				CODE_SIGN_STYLE = Automatic;
				COMBINE_HIDPI_IMAGES = YES;
				DEVELOPMENT_TEAM = "";
				INFOPLIST_FILE = Info.plist;
				LD_RUNPATH_SEARCH_PATHS = "$(inherited) @executable_path/../Frameworks";
				MACOSX_DEPLOYMENT_TARGET = 13.0;
				PRODUCT_BUNDLE_IDENTIFIER = com.alex.GmailDesktop;
				SDKROOT = macosx;
				SWIFT_VERSION = 5.0;
			};
			name = Debug;
		};
		D47B34CA65CEC1EF6A2A905E /* Debug */ = {
			isa = XCBuildConfiguration;
			buildSettings = {
				ALWAYS_SEARCH_USER_PATHS = NO;
				CLANG_ANALYZER_NONNULL = YES;
				CLANG_ANALYZER_NUMBER_OBJECT_CONVERSION = YES_AGGRESSIVE;
				CLANG_CXX_LANGUAGE_STANDARD = "gnu++14";
				CLANG_CXX_LIBRARY = "libc++";
				CLANG_ENABLE_MODULES = YES;
				CLANG_ENABLE_OBJC_ARC = YES;
				CLANG_ENABLE_OBJC_WEAK = YES;
				CLANG_WARN_BLOCK_CAPTURE_AUTORELEASING = YES;
				CLANG_WARN_BOOL_CONVERSION = YES;
				CLANG_WARN_COMMA = YES;
				CLANG_WARN_CONSTANT_CONVERSION = YES;
				CLANG_WARN_DEPRECATED_OBJC_IMPLEMENTATIONS = YES;
				CLANG_WARN_DIRECT_OBJC_ISA_USAGE = YES_ERROR;
				CLANG_WARN_DOCUMENTATION_COMMENTS = YES;
				CLANG_WARN_EMPTY_BODY = YES;
				CLANG_WARN_ENUM_CONVERSION = YES;
				CLANG_WARN_INFINITE_RECURSION = YES;
				CLANG_WARN_INT_CONVERSION = YES;
				CLANG_WARN_NON_LITERAL_NULL_CONVERSION = YES;
				CLANG_WARN_OBJC_IMPLICIT_RETAIN_SELF = YES;
				CLANG_WARN_OBJC_LITERAL_CONVERSION = YES;
				CLANG_WARN_OBJC_ROOT_CLASS = YES_ERROR;
				CLANG_WARN_QUOTED_INCLUDE_IN_FRAMEWORK_HEADER = YES;
				CLANG_WARN_RANGE_LOOP_ANALYSIS = YES;
				CLANG_WARN_STRICT_PROTOTYPES = YES;
				CLANG_WARN_SUSPICIOUS_MOVE = YES;
				CLANG_WARN_UNGUARDED_AVAILABILITY = YES_AGGRESSIVE;
				CLANG_WARN_UNREACHABLE_CODE = YES;
				CLANG_WARN__DUPLICATE_METHOD_MATCH = YES;
				COPY_PHASE_STRIP = NO;
				DEBUG_INFORMATION_FORMAT = dwarf;
				ENABLE_STRICT_OBJC_MSGSEND = YES;
				ENABLE_TESTABILITY = YES;
				GCC_C_LANGUAGE_STANDARD = gnu11;
				GCC_DYNAMIC_NO_PIC = NO;
				GCC_NO_COMMON_BLOCKS = YES;
				GCC_OPTIMIZATION_LEVEL = 0;
				GCC_PREPROCESSOR_DEFINITIONS = (
					"DEBUG=1",
					"$(inherited)",
				);
				GCC_WARN_64_TO_32_BIT_CONVERSION = YES;
				GCC_WARN_ABOUT_RETURN_TYPE = YES_ERROR;
				GCC_WARN_UNDECLARED_SELECTOR = YES;
				GCC_WARN_UNINITIALIZED_AUTOS = YES_AGGRESSIVE;
				GCC_WARN_UNUSED_FUNCTION = YES;
				GCC_WARN_UNUSED_VARIABLE = YES;
				MTL_ENABLE_DEBUG_INFO = INCLUDE_SOURCE;
				MTL_FAST_MATH = YES;
				ONLY_ACTIVE_ARCH = YES;
				PRODUCT_NAME = "$(TARGET_NAME)";
				SWIFT_ACTIVE_COMPILATION_CONDITIONS = DEBUG;
				SWIFT_OPTIMIZATION_LEVEL = "-Onone";
				SWIFT_VERSION = 5.0;
			};
			name = Debug;
		};
/* End XCBuildConfiguration section */

/* Begin XCConfigurationList section */
		04C19B8883915C7F48D72493 /* Build configuration list for PBXProject "GmailDesktop" */ = {
			isa = XCConfigurationList;
			buildConfigurations = (
				D47B34CA65CEC1EF6A2A905E /* Debug */,
				25B5B4AED3CB008829B31ED6 /* Release */,
			);
			defaultConfigurationIsVisible = 0;
			defaultConfigurationName = Release;
		};
		C0BDD7E6408CE750647092CB /* Build configuration list for PBXNativeTarget "GmailDesktop" */ = {
			isa = XCConfigurationList;
			buildConfigurations = (
				1481BE10D2B73640B83B1C89 /* Release */,
				50F9576A7FF33DF6776F1554 /* Debug */,
			);
			defaultConfigurationIsVisible = 0;
			defaultConfigurationName = Release;
		};
/* End XCConfigurationList section */
	};
	rootObject = E64864E08A02B2634D53197C /* Project object */;
}
